// !$*UTF8*$!
{
	archiveVersion = 1;
	classes = {
	};
	objectVersion = 48;
	objects = {

/* Begin PBXBuildFile section */
		27EF7020314026AF2EDC60E2 /* Pods_Final_Project.framework in Frameworks */ = {isa = PBXBuildFile; fileRef = AEB7D68C3229873F4F58E321 /* Pods_Final_Project.framework */; };
		2C06FEDF20DEEC9400134DA8 /* Mulana_Sahab_Signup_2_ViewController.swift in Sources */ = {isa = PBXBuildFile; fileRef = 2C06FEDE20DEEC9400134DA8 /* Mulana_Sahab_Signup_2_ViewController.swift */; };
		2C16579E20E908F200E0150A /* Feedback_ViewController.swift in Sources */ = {isa = PBXBuildFile; fileRef = 2C16579D20E908F200E0150A /* Feedback_ViewController.swift */; };
		2C269F2B20DD38FC00216B9F /* MulanaSignupLocationViewController.swift in Sources */ = {isa = PBXBuildFile; fileRef = 2C269F2A20DD38FC00216B9F /* MulanaSignupLocationViewController.swift */; };
		2C2B1AFD20E2D16F00BD179F /* Mulana_Login_ViewController.swift in Sources */ = {isa = PBXBuildFile; fileRef = 2C2B1AFC20E2D16F00BD179F /* Mulana_Login_ViewController.swift */; };
		2C46373120C728C500C8011C /* UserSearchMulanaListTableViewCell.swift in Sources */ = {isa = PBXBuildFile; fileRef = 2C46373020C728C500C8011C /* UserSearchMulanaListTableViewCell.swift */; };
		2C46373320C728D900C8011C /* TBViewController.swift in Sources */ = {isa = PBXBuildFile; fileRef = 2C46373220C728D900C8011C /* TBViewController.swift */; };
		2C5DE8FB20E838550052051A /* Mulana_Side_Rejected_Table_ViewController.swift in Sources */ = {isa = PBXBuildFile; fileRef = 2C5DE8FA20E838550052051A /* Mulana_Side_Rejected_Table_ViewController.swift */; };
		2C5DE8FD20E838760052051A /* Mulana_Side_Rejected_TableViewCell.swift in Sources */ = {isa = PBXBuildFile; fileRef = 2C5DE8FC20E838760052051A /* Mulana_Side_Rejected_TableViewCell.swift */; };
		2C6A992520E8F2E0008D450A /* User_AcceptedViewController.swift in Sources */ = {isa = PBXBuildFile; fileRef = 2C6A992420E8F2E0008D450A /* User_AcceptedViewController.swift */; };
		2C6A992720E8F2FA008D450A /* User_AcceptedTableViewCell.swift in Sources */ = {isa = PBXBuildFile; fileRef = 2C6A992620E8F2FA008D450A /* User_AcceptedTableViewCell.swift */; };
		2CAB273C20C7250A008E08A5 /* UserSignupViewController.swift in Sources */ = {isa = PBXBuildFile; fileRef = 2CAB273B20C7250A008E08A5 /* UserSignupViewController.swift */; };
		2CBB44DD20C70F2D00787E80 /* AppDelegate.swift in Sources */ = {isa = PBXBuildFile; fileRef = 2CBB44DC20C70F2D00787E80 /* AppDelegate.swift */; };
		2CBB44DF20C70F2D00787E80 /* UserLoginViewController.swift in Sources */ = {isa = PBXBuildFile; fileRef = 2CBB44DE20C70F2D00787E80 /* UserLoginViewController.swift */; };
		2CBB44E220C70F2D00787E80 /* Main.storyboard in Resources */ = {isa = PBXBuildFile; fileRef = 2CBB44E020C70F2D00787E80 /* Main.storyboard */; };
		2CBB44E420C70F2D00787E80 /* Assets.xcassets in Resources */ = {isa = PBXBuildFile; fileRef = 2CBB44E320C70F2D00787E80 /* Assets.xcassets */; };
		2CBB44E720C70F2D00787E80 /* LaunchScreen.storyboard in Resources */ = {isa = PBXBuildFile; fileRef = 2CBB44E520C70F2D00787E80 /* LaunchScreen.storyboard */; };
		2CBB44F220C70F2D00787E80 /* Final_ProjectTests.swift in Sources */ = {isa = PBXBuildFile; fileRef = 2CBB44F120C70F2D00787E80 /* Final_ProjectTests.swift */; };
		2CBB44FD20C70F2D00787E80 /* Final_ProjectUITests.swift in Sources */ = {isa = PBXBuildFile; fileRef = 2CBB44FC20C70F2D00787E80 /* Final_ProjectUITests.swift */; };
		2CC8670420C8075C004A4C08 /* UserMainSearchViewController.swift in Sources */ = {isa = PBXBuildFile; fileRef = 2CC8670320C8075C004A4C08 /* UserMainSearchViewController.swift */; };
		2CC9F7CF20E6B11100CF3A59 /* User_List_LocationViewController.swift in Sources */ = {isa = PBXBuildFile; fileRef = 2CC9F7CE20E6B11100CF3A59 /* User_List_LocationViewController.swift */; };
		2CCA3CB120DABAF800905101 /* Mulana_Signup_ViewController.swift in Sources */ = {isa = PBXBuildFile; fileRef = 2CCA3CB020DABAF800905101 /* Mulana_Signup_ViewController.swift */; };
		2CD54A1D20DE77CD006F6B57 /* MulanaTimeViewController.swift in Sources */ = {isa = PBXBuildFile; fileRef = 2CD54A1C20DE77CD006F6B57 /* MulanaTimeViewController.swift */; };
		2CE0777720C86F3F000FFA60 /* MulanaSidePendingTableViewCell.swift in Sources */ = {isa = PBXBuildFile; fileRef = 2CE0777620C86F3F000FFA60 /* MulanaSidePendingTableViewCell.swift */; };
		2CE0777920C86F50000FFA60 /* MulanaSidePendingViewController.swift in Sources */ = {isa = PBXBuildFile; fileRef = 2CE0777820C86F50000FFA60 /* MulanaSidePendingViewController.swift */; };
		2CF5FDB320DFB19900E2C5BF /* Search_Location_ViewController.swift in Sources */ = {isa = PBXBuildFile; fileRef = 2CF5FDB220DFB19900E2C5BF /* Search_Location_ViewController.swift */; };
		2CFE3F0220C7F75A00B335A2 /* UserSignupLocationViewController.swift in Sources */ = {isa = PBXBuildFile; fileRef = 2CFE3F0120C7F75A00B335A2 /* UserSignupLocationViewController.swift */; };
		368A489C17707E62FCEA1B2C /* Pods_Final_ProjectUITests.framework in Frameworks */ = {isa = PBXBuildFile; fileRef = 981F14DA67BD896545FF8C38 /* Pods_Final_ProjectUITests.framework */; };
		9837B7E210656F2E9C7DAEDD /* Pods_Final_ProjectTests.framework in Frameworks */ = {isa = PBXBuildFile; fileRef = F5CD622798779A8897ECF121 /* Pods_Final_ProjectTests.framework */; };
/* End PBXBuildFile section */

/* Begin PBXContainerItemProxy section */
		2CBB44EE20C70F2D00787E80 /* PBXContainerItemProxy */ = {
			isa = PBXContainerItemProxy;
			containerPortal = 2CBB44D120C70F2D00787E80 /* Project object */;
			proxyType = 1;
			remoteGlobalIDString = 2CBB44D820C70F2D00787E80;
			remoteInfo = Final_Project;
		};
		2CBB44F920C70F2D00787E80 /* PBXContainerItemProxy */ = {
			isa = PBXContainerItemProxy;
			containerPortal = 2CBB44D120C70F2D00787E80 /* Project object */;
			proxyType = 1;
			remoteGlobalIDString = 2CBB44D820C70F2D00787E80;
			remoteInfo = Final_Project;
		};
/* End PBXContainerItemProxy section */

/* Begin PBXFileReference section */
		00EDCECACFE6631CC7D5EF59 /* Pods-Final_ProjectUITests.debug.xcconfig */ = {isa = PBXFileReference; includeInIndex = 1; lastKnownFileType = text.xcconfig; name = "Pods-Final_ProjectUITests.debug.xcconfig"; path = "Pods/Target Support Files/Pods-Final_ProjectUITests/Pods-Final_ProjectUITests.debug.xcconfig"; sourceTree = "<group>"; };
		1598ED3C6F2176300402EDDE /* Pods-Final_Project.release.xcconfig */ = {isa = PBXFileReference; includeInIndex = 1; lastKnownFileType = text.xcconfig; name = "Pods-Final_Project.release.xcconfig"; path = "Pods/Target Support Files/Pods-Final_Project/Pods-Final_Project.release.xcconfig"; sourceTree = "<group>"; };
		2C06FEDE20DEEC9400134DA8 /* Mulana_Sahab_Signup_2_ViewController.swift */ = {isa = PBXFileReference; lastKnownFileType = sourcecode.swift; path = Mulana_Sahab_Signup_2_ViewController.swift; sourceTree = "<group>"; };
		2C16579D20E908F200E0150A /* Feedback_ViewController.swift */ = {isa = PBXFileReference; lastKnownFileType = sourcecode.swift; path = Feedback_ViewController.swift; sourceTree = "<group>"; };
		2C269F2A20DD38FC00216B9F /* MulanaSignupLocationViewController.swift */ = {isa = PBXFileReference; lastKnownFileType = sourcecode.swift; path = MulanaSignupLocationViewController.swift; sourceTree = "<group>"; };
		2C2B1AFC20E2D16F00BD179F /* Mulana_Login_ViewController.swift */ = {isa = PBXFileReference; lastKnownFileType = sourcecode.swift; path = Mulana_Login_ViewController.swift; sourceTree = "<group>"; };
		2C46373020C728C500C8011C /* UserSearchMulanaListTableViewCell.swift */ = {isa = PBXFileReference; lastKnownFileType = sourcecode.swift; path = UserSearchMulanaListTableViewCell.swift; sourceTree = "<group>"; };
		2C46373220C728D900C8011C /* TBViewController.swift */ = {isa = PBXFileReference; lastKnownFileType = sourcecode.swift; path = TBViewController.swift; sourceTree = "<group>"; };
		2C5DE8FA20E838550052051A /* Mulana_Side_Rejected_Table_ViewController.swift */ = {isa = PBXFileReference; lastKnownFileType = sourcecode.swift; path = Mulana_Side_Rejected_Table_ViewController.swift; sourceTree = "<group>"; };
		2C5DE8FC20E838760052051A /* Mulana_Side_Rejected_TableViewCell.swift */ = {isa = PBXFileReference; lastKnownFileType = sourcecode.swift; path = Mulana_Side_Rejected_TableViewCell.swift; sourceTree = "<group>"; };
		2C6A992420E8F2E0008D450A /* User_AcceptedViewController.swift */ = {isa = PBXFileReference; lastKnownFileType = sourcecode.swift; path = User_AcceptedViewController.swift; sourceTree = "<group>"; };
		2C6A992620E8F2FA008D450A /* User_AcceptedTableViewCell.swift */ = {isa = PBXFileReference; lastKnownFileType = sourcecode.swift; path = User_AcceptedTableViewCell.swift; sourceTree = "<group>"; };
		2CAB273B20C7250A008E08A5 /* UserSignupViewController.swift */ = {isa = PBXFileReference; lastKnownFileType = sourcecode.swift; path = UserSignupViewController.swift; sourceTree = "<group>"; };
		2CBB44D920C70F2D00787E80 /* Final_Project.app */ = {isa = PBXFileReference; explicitFileType = wrapper.application; includeInIndex = 0; path = Final_Project.app; sourceTree = BUILT_PRODUCTS_DIR; };
		2CBB44DC20C70F2D00787E80 /* AppDelegate.swift */ = {isa = PBXFileReference; lastKnownFileType = sourcecode.swift; path = AppDelegate.swift; sourceTree = "<group>"; };
		2CBB44DE20C70F2D00787E80 /* UserLoginViewController.swift */ = {isa = PBXFileReference; lastKnownFileType = sourcecode.swift; path = UserLoginViewController.swift; sourceTree = "<group>"; };
		2CBB44E120C70F2D00787E80 /* Base */ = {isa = PBXFileReference; lastKnownFileType = file.storyboard; name = Base; path = Base.lproj/Main.storyboard; sourceTree = "<group>"; };
		2CBB44E320C70F2D00787E80 /* Assets.xcassets */ = {isa = PBXFileReference; lastKnownFileType = folder.assetcatalog; path = Assets.xcassets; sourceTree = "<group>"; };
		2CBB44E620C70F2D00787E80 /* Base */ = {isa = PBXFileReference; lastKnownFileType = file.storyboard; name = Base; path = Base.lproj/LaunchScreen.storyboard; sourceTree = "<group>"; };
		2CBB44E820C70F2D00787E80 /* Info.plist */ = {isa = PBXFileReference; lastKnownFileType = text.plist.xml; path = Info.plist; sourceTree = "<group>"; };
		2CBB44ED20C70F2D00787E80 /* Final_ProjectTests.xctest */ = {isa = PBXFileReference; explicitFileType = wrapper.cfbundle; includeInIndex = 0; path = Final_ProjectTests.xctest; sourceTree = BUILT_PRODUCTS_DIR; };
		2CBB44F120C70F2D00787E80 /* Final_ProjectTests.swift */ = {isa = PBXFileReference; lastKnownFileType = sourcecode.swift; path = Final_ProjectTests.swift; sourceTree = "<group>"; };
		2CBB44F320C70F2D00787E80 /* Info.plist */ = {isa = PBXFileReference; lastKnownFileType = text.plist.xml; path = Info.plist; sourceTree = "<group>"; };
		2CBB44F820C70F2D00787E80 /* Final_ProjectUITests.xctest */ = {isa = PBXFileReference; explicitFileType = wrapper.cfbundle; includeInIndex = 0; path = Final_ProjectUITests.xctest; sourceTree = BUILT_PRODUCTS_DIR; };
		2CBB44FC20C70F2D00787E80 /* Final_ProjectUITests.swift */ = {isa = PBXFileReference; lastKnownFileType = sourcecode.swift; path = Final_ProjectUITests.swift; sourceTree = "<group>"; };
		2CBB44FE20C70F2D00787E80 /* Info.plist */ = {isa = PBXFileReference; lastKnownFileType = text.plist.xml; path = Info.plist; sourceTree = "<group>"; };
		2CC8670320C8075C004A4C08 /* UserMainSearchViewController.swift */ = {isa = PBXFileReference; lastKnownFileType = sourcecode.swift; path = UserMainSearchViewController.swift; sourceTree = "<group>"; };
		2CC9F7CE20E6B11100CF3A59 /* User_List_LocationViewController.swift */ = {isa = PBXFileReference; lastKnownFileType = sourcecode.swift; path = User_List_LocationViewController.swift; sourceTree = "<group>"; };
		2CCA3CB020DABAF800905101 /* Mulana_Signup_ViewController.swift */ = {isa = PBXFileReference; lastKnownFileType = sourcecode.swift; path = Mulana_Signup_ViewController.swift; sourceTree = "<group>"; };
		2CD54A1C20DE77CD006F6B57 /* MulanaTimeViewController.swift */ = {isa = PBXFileReference; lastKnownFileType = sourcecode.swift; path = MulanaTimeViewController.swift; sourceTree = "<group>"; };
		2CE0777620C86F3F000FFA60 /* MulanaSidePendingTableViewCell.swift */ = {isa = PBXFileReference; lastKnownFileType = sourcecode.swift; path = MulanaSidePendingTableViewCell.swift; sourceTree = "<group>"; };
		2CE0777820C86F50000FFA60 /* MulanaSidePendingViewController.swift */ = {isa = PBXFileReference; lastKnownFileType = sourcecode.swift; path = MulanaSidePendingViewController.swift; sourceTree = "<group>"; };
		2CF5FDB220DFB19900E2C5BF /* Search_Location_ViewController.swift */ = {isa = PBXFileReference; lastKnownFileType = sourcecode.swift; path = Search_Location_ViewController.swift; sourceTree = "<group>"; };
		2CFE3F0120C7F75A00B335A2 /* UserSignupLocationViewController.swift */ = {isa = PBXFileReference; lastKnownFileType = sourcecode.swift; path = UserSignupLocationViewController.swift; sourceTree = "<group>"; };
		5A75F12BE0DEDA91DED49A7D /* Pods-Final_ProjectUITests.release.xcconfig */ = {isa = PBXFileReference; includeInIndex = 1; lastKnownFileType = text.xcconfig; name = "Pods-Final_ProjectUITests.release.xcconfig"; path = "Pods/Target Support Files/Pods-Final_ProjectUITests/Pods-Final_ProjectUITests.release.xcconfig"; sourceTree = "<group>"; };
		5D7267BACDC6CBDA9E21FCF9 /* Pods-Final_Project.debug.xcconfig */ = {isa = PBXFileReference; includeInIndex = 1; lastKnownFileType = text.xcconfig; name = "Pods-Final_Project.debug.xcconfig"; path = "Pods/Target Support Files/Pods-Final_Project/Pods-Final_Project.debug.xcconfig"; sourceTree = "<group>"; };
		8FB3C9DA123FF5A920192C4C /* Pods-Final_ProjectTests.debug.xcconfig */ = {isa = PBXFileReference; includeInIndex = 1; lastKnownFileType = text.xcconfig; name = "Pods-Final_ProjectTests.debug.xcconfig"; path = "Pods/Target Support Files/Pods-Final_ProjectTests/Pods-Final_ProjectTests.debug.xcconfig"; sourceTree = "<group>"; };
		981F14DA67BD896545FF8C38 /* Pods_Final_ProjectUITests.framework */ = {isa = PBXFileReference; explicitFileType = wrapper.framework; includeInIndex = 0; path = Pods_Final_ProjectUITests.framework; sourceTree = BUILT_PRODUCTS_DIR; };
		AEB7D68C3229873F4F58E321 /* Pods_Final_Project.framework */ = {isa = PBXFileReference; explicitFileType = wrapper.framework; includeInIndex = 0; path = Pods_Final_Project.framework; sourceTree = BUILT_PRODUCTS_DIR; };
		F21634D01D73750DB8A0A4A9 /* Pods-Final_ProjectTests.release.xcconfig */ = {isa = PBXFileReference; includeInIndex = 1; lastKnownFileType = text.xcconfig; name = "Pods-Final_ProjectTests.release.xcconfig"; path = "Pods/Target Support Files/Pods-Final_ProjectTests/Pods-Final_ProjectTests.release.xcconfig"; sourceTree = "<group>"; };
		F5CD622798779A8897ECF121 /* Pods_Final_ProjectTests.framework */ = {isa = PBXFileReference; explicitFileType = wrapper.framework; includeInIndex = 0; path = Pods_Final_ProjectTests.framework; sourceTree = BUILT_PRODUCTS_DIR; };
/* End PBXFileReference section */

/* Begin PBXFrameworksBuildPhase section */
		2CBB44D620C70F2D00787E80 /* Frameworks */ = {
			isa = PBXFrameworksBuildPhase;
			buildActionMask = 2147483647;
			files = (
				27EF7020314026AF2EDC60E2 /* Pods_Final_Project.framework in Frameworks */,
			);
			runOnlyForDeploymentPostprocessing = 0;
		};
		2CBB44EA20C70F2D00787E80 /* Frameworks */ = {
			isa = PBXFrameworksBuildPhase;
			buildActionMask = 2147483647;
			files = (
				9837B7E210656F2E9C7DAEDD /* Pods_Final_ProjectTests.framework in Frameworks */,
			);
			runOnlyForDeploymentPostprocessing = 0;
		};
		2CBB44F520C70F2D00787E80 /* Frameworks */ = {
			isa = PBXFrameworksBuildPhase;
			buildActionMask = 2147483647;
			files = (
				368A489C17707E62FCEA1B2C /* Pods_Final_ProjectUITests.framework in Frameworks */,
			);
			runOnlyForDeploymentPostprocessing = 0;
		};
/* End PBXFrameworksBuildPhase section */

/* Begin PBXGroup section */
		2CBB44D020C70F2D00787E80 = {
			isa = PBXGroup;
			children = (
				2CBB44DB20C70F2D00787E80 /* Final_Project */,
				2CBB44F020C70F2D00787E80 /* Final_ProjectTests */,
				2CBB44FB20C70F2D00787E80 /* Final_ProjectUITests */,
				2CBB44DA20C70F2D00787E80 /* Products */,
				E2799D0078EE9A47DF8E7DFD /* Pods */,
				4F0DBCF839A818289B70D56F /* Frameworks */,
			);
			sourceTree = "<group>";
		};
		2CBB44DA20C70F2D00787E80 /* Products */ = {
			isa = PBXGroup;
			children = (
				2CBB44D920C70F2D00787E80 /* Final_Project.app */,
				2CBB44ED20C70F2D00787E80 /* Final_ProjectTests.xctest */,
				2CBB44F820C70F2D00787E80 /* Final_ProjectUITests.xctest */,
			);
			name = Products;
			sourceTree = "<group>";
		};
		2CBB44DB20C70F2D00787E80 /* Final_Project */ = {
			isa = PBXGroup;
			children = (
				E458531F213D4D420038B948 /* Mulana */,
				E458531B213D4ADA0038B948 /* User */,
				2CBB44DC20C70F2D00787E80 /* AppDelegate.swift */,
				2CBB44E020C70F2D00787E80 /* Main.storyboard */,
				2CBB44E320C70F2D00787E80 /* Assets.xcassets */,
				2CBB44E520C70F2D00787E80 /* LaunchScreen.storyboard */,
				2CBB44E820C70F2D00787E80 /* Info.plist */,
			);
			path = Final_Project;
			sourceTree = "<group>";
		};
		2CBB44F020C70F2D00787E80 /* Final_ProjectTests */ = {
			isa = PBXGroup;
			children = (
				2CBB44F120C70F2D00787E80 /* Final_ProjectTests.swift */,
				2CBB44F320C70F2D00787E80 /* Info.plist */,
			);
			path = Final_ProjectTests;
			sourceTree = "<group>";
		};
		2CBB44FB20C70F2D00787E80 /* Final_ProjectUITests */ = {
			isa = PBXGroup;
			children = (
				2CBB44FC20C70F2D00787E80 /* Final_ProjectUITests.swift */,
				2CBB44FE20C70F2D00787E80 /* Info.plist */,
			);
			path = Final_ProjectUITests;
			sourceTree = "<group>";
		};
		4F0DBCF839A818289B70D56F /* Frameworks */ = {
			isa = PBXGroup;
			children = (
				AEB7D68C3229873F4F58E321 /* Pods_Final_Project.framework */,
				F5CD622798779A8897ECF121 /* Pods_Final_ProjectTests.framework */,
				981F14DA67BD896545FF8C38 /* Pods_Final_ProjectUITests.framework */,
			);
			name = Frameworks;
			sourceTree = "<group>";
		};
		E2799D0078EE9A47DF8E7DFD /* Pods */ = {
			isa = PBXGroup;
			children = (
				5D7267BACDC6CBDA9E21FCF9 /* Pods-Final_Project.debug.xcconfig */,
				1598ED3C6F2176300402EDDE /* Pods-Final_Project.release.xcconfig */,
				8FB3C9DA123FF5A920192C4C /* Pods-Final_ProjectTests.debug.xcconfig */,
				F21634D01D73750DB8A0A4A9 /* Pods-Final_ProjectTests.release.xcconfig */,
				00EDCECACFE6631CC7D5EF59 /* Pods-Final_ProjectUITests.debug.xcconfig */,
				5A75F12BE0DEDA91DED49A7D /* Pods-Final_ProjectUITests.release.xcconfig */,
			);
			name = Pods;
			sourceTree = "<group>";
		};
		E458531B213D4ADA0038B948 /* User */ = {
			isa = PBXGroup;
			children = (
				E458531E213D4CA90038B948 /* UserScreens */,
				E458531D213D4B220038B948 /* UserSignIn */,
				E458531C213D4B160038B948 /* UserSignUp */,
			);
			path = User;
			sourceTree = "<group>";
		};
		E458531C213D4B160038B948 /* UserSignUp */ = {
			isa = PBXGroup;
			children = (
				2CFE3F0120C7F75A00B335A2 /* UserSignupLocationViewController.swift */,
				2CAB273B20C7250A008E08A5 /* UserSignupViewController.swift */,
			);
			path = UserSignUp;
			sourceTree = "<group>";
		};
		E458531D213D4B220038B948 /* UserSignIn */ = {
			isa = PBXGroup;
			children = (
				2CBB44DE20C70F2D00787E80 /* UserLoginViewController.swift */,
			);
			path = UserSignIn;
			sourceTree = "<group>";
		};
		E458531E213D4CA90038B948 /* UserScreens */ = {
			isa = PBXGroup;
			children = (
				2C16579D20E908F200E0150A /* Feedback_ViewController.swift */,
				2C46373220C728D900C8011C /* TBViewController.swift */,
				2CC8670320C8075C004A4C08 /* UserMainSearchViewController.swift */,
				2C46373020C728C500C8011C /* UserSearchMulanaListTableViewCell.swift */,
				2CF5FDB220DFB19900E2C5BF /* Search_Location_ViewController.swift */,
				2C6A992420E8F2E0008D450A /* User_AcceptedViewController.swift */,
				2C6A992620E8F2FA008D450A /* User_AcceptedTableViewCell.swift */,
			);
			path = UserScreens;
			sourceTree = "<group>";
		};
		E458531F213D4D420038B948 /* Mulana */ = {
			isa = PBXGroup;
			children = (
				E4585322213D4D5B0038B948 /* MulanaScreens */,
				E4585321213D4D520038B948 /* MulanaSignup */,
				E4585320213D4D490038B948 /* MulanaLogin */,
			);
			path = Mulana;
			sourceTree = "<group>";
		};
		E4585320213D4D490038B948 /* MulanaLogin */ = {
			isa = PBXGroup;
			children = (
				2C2B1AFC20E2D16F00BD179F /* Mulana_Login_ViewController.swift */,
			);
			path = MulanaLogin;
			sourceTree = "<group>";
		};
		E4585321213D4D520038B948 /* MulanaSignup */ = {
			isa = PBXGroup;
			children = (
				2C269F2A20DD38FC00216B9F /* MulanaSignupLocationViewController.swift */,
				2CD54A1C20DE77CD006F6B57 /* MulanaTimeViewController.swift */,
				2C06FEDE20DEEC9400134DA8 /* Mulana_Sahab_Signup_2_ViewController.swift */,
				2CCA3CB020DABAF800905101 /* Mulana_Signup_ViewController.swift */,
			);
			path = MulanaSignup;
			sourceTree = "<group>";
		};
		E4585322213D4D5B0038B948 /* MulanaScreens */ = {
			isa = PBXGroup;
			children = (
				2CC9F7CE20E6B11100CF3A59 /* User_List_LocationViewController.swift */,
				2C5DE8FA20E838550052051A /* Mulana_Side_Rejected_Table_ViewController.swift */,
				2C5DE8FC20E838760052051A /* Mulana_Side_Rejected_TableViewCell.swift */,
				2CE0777620C86F3F000FFA60 /* MulanaSidePendingTableViewCell.swift */,
				2CE0777820C86F50000FFA60 /* MulanaSidePendingViewController.swift */,
			);
			path = MulanaScreens;
			sourceTree = "<group>";
		};
/* End PBXGroup section */

/* Begin PBXNativeTarget section */
		2CBB44D820C70F2D00787E80 /* Final_Project */ = {
			isa = PBXNativeTarget;
			buildConfigurationList = 2CBB450120C70F2D00787E80 /* Build configuration list for PBXNativeTarget "Final_Project" */;
			buildPhases = (
				45B0417A45F6C41CEFDDF813 /* [CP] Check Pods Manifest.lock */,
				2CBB44D520C70F2D00787E80 /* Sources */,
				2CBB44D620C70F2D00787E80 /* Frameworks */,
				2CBB44D720C70F2D00787E80 /* Resources */,
				6AA385E043BC36C3EA5ACA89 /* [CP] Copy Pods Resources */,
				A346054B1B2B0CC231DA8500 /* [CP] Embed Pods Frameworks */,
			);
			buildRules = (
			);
			dependencies = (
			);
			name = Final_Project;
			productName = Final_Project;
			productReference = 2CBB44D920C70F2D00787E80 /* Final_Project.app */;
			productType = "com.apple.product-type.application";
		};
		2CBB44EC20C70F2D00787E80 /* Final_ProjectTests */ = {
			isa = PBXNativeTarget;
			buildConfigurationList = 2CBB450420C70F2D00787E80 /* Build configuration list for PBXNativeTarget "Final_ProjectTests" */;
			buildPhases = (
				82CD8DDB78F3545D9853FA30 /* [CP] Check Pods Manifest.lock */,
				2CBB44E920C70F2D00787E80 /* Sources */,
				2CBB44EA20C70F2D00787E80 /* Frameworks */,
				2CBB44EB20C70F2D00787E80 /* Resources */,
			);
			buildRules = (
			);
			dependencies = (
				2CBB44EF20C70F2D00787E80 /* PBXTargetDependency */,
			);
			name = Final_ProjectTests;
			productName = Final_ProjectTests;
			productReference = 2CBB44ED20C70F2D00787E80 /* Final_ProjectTests.xctest */;
			productType = "com.apple.product-type.bundle.unit-test";
		};
		2CBB44F720C70F2D00787E80 /* Final_ProjectUITests */ = {
			isa = PBXNativeTarget;
			buildConfigurationList = 2CBB450720C70F2D00787E80 /* Build configuration list for PBXNativeTarget "Final_ProjectUITests" */;
			buildPhases = (
				39537D3365A46CDABABC8C64 /* [CP] Check Pods Manifest.lock */,
				2CBB44F420C70F2D00787E80 /* Sources */,
				2CBB44F520C70F2D00787E80 /* Frameworks */,
				2CBB44F620C70F2D00787E80 /* Resources */,
			);
			buildRules = (
			);
			dependencies = (
				2CBB44FA20C70F2D00787E80 /* PBXTargetDependency */,
			);
			name = Final_ProjectUITests;
			productName = Final_ProjectUITests;
			productReference = 2CBB44F820C70F2D00787E80 /* Final_ProjectUITests.xctest */;
			productType = "com.apple.product-type.bundle.ui-testing";
		};
/* End PBXNativeTarget section */

/* Begin PBXProject section */
		2CBB44D120C70F2D00787E80 /* Project object */ = {
			isa = PBXProject;
			attributes = {
				LastSwiftUpdateCheck = 0920;
				LastUpgradeCheck = 0940;
				ORGANIZATIONNAME = mb;
				TargetAttributes = {
					2CBB44D820C70F2D00787E80 = {
						CreatedOnToolsVersion = 9.2;
						ProvisioningStyle = Automatic;
					};
					2CBB44EC20C70F2D00787E80 = {
						CreatedOnToolsVersion = 9.2;
						ProvisioningStyle = Automatic;
						TestTargetID = 2CBB44D820C70F2D00787E80;
					};
					2CBB44F720C70F2D00787E80 = {
						CreatedOnToolsVersion = 9.2;
						ProvisioningStyle = Automatic;
						TestTargetID = 2CBB44D820C70F2D00787E80;
					};
				};
			};
			buildConfigurationList = 2CBB44D420C70F2D00787E80 /* Build configuration list for PBXProject "Final_Project" */;
			compatibilityVersion = "Xcode 8.0";
			developmentRegion = en;
			hasScannedForEncodings = 0;
			knownRegions = (
				en,
				Base,
			);
			mainGroup = 2CBB44D020C70F2D00787E80;
			productRefGroup = 2CBB44DA20C70F2D00787E80 /* Products */;
			projectDirPath = "";
			projectRoot = "";
			targets = (
				2CBB44D820C70F2D00787E80 /* Final_Project */,
				2CBB44EC20C70F2D00787E80 /* Final_ProjectTests */,
				2CBB44F720C70F2D00787E80 /* Final_ProjectUITests */,
			);
		};
/* End PBXProject section */

/* Begin PBXResourcesBuildPhase section */
		2CBB44D720C70F2D00787E80 /* Resources */ = {
			isa = PBXResourcesBuildPhase;
			buildActionMask = 2147483647;
			files = (
				2CBB44E720C70F2D00787E80 /* LaunchScreen.storyboard in Resources */,
				2CBB44E420C70F2D00787E80 /* Assets.xcassets in Resources */,
				2CBB44E220C70F2D00787E80 /* Main.storyboard in Resources */,
			);
			runOnlyForDeploymentPostprocessing = 0;
		};
		2CBB44EB20C70F2D00787E80 /* Resources */ = {
			isa = PBXResourcesBuildPhase;
			buildActionMask = 2147483647;
			files = (
			);
			runOnlyForDeploymentPostprocessing = 0;
		};
		2CBB44F620C70F2D00787E80 /* Resources */ = {
			isa = PBXResourcesBuildPhase;
			buildActionMask = 2147483647;
			files = (
			);
			runOnlyForDeploymentPostprocessing = 0;
		};
/* End PBXResourcesBuildPhase section */

/* Begin PBXShellScriptBuildPhase section */
		39537D3365A46CDABABC8C64 /* [CP] Check Pods Manifest.lock */ = {
			isa = PBXShellScriptBuildPhase;
			buildActionMask = 2147483647;
			files = (
			);
			inputPaths = (
				"${PODS_PODFILE_DIR_PATH}/Podfile.lock",
				"${PODS_ROOT}/Manifest.lock",
			);
			name = "[CP] Check Pods Manifest.lock";
			outputPaths = (
				"$(DERIVED_FILE_DIR)/Pods-Final_ProjectUITests-checkManifestLockResult.txt",
			);
			runOnlyForDeploymentPostprocessing = 0;
			shellPath = /bin/sh;
			shellScript = "diff \"${PODS_PODFILE_DIR_PATH}/Podfile.lock\" \"${PODS_ROOT}/Manifest.lock\" > /dev/null\nif [ $? != 0 ] ; then\n    # print error to STDERR\n    echo \"error: The sandbox is not in sync with the Podfile.lock. Run 'pod install' or update your CocoaPods installation.\" >&2\n    exit 1\nfi\n# This output is used by Xcode 'outputs' to avoid re-running this script phase.\necho \"SUCCESS\" > \"${SCRIPT_OUTPUT_FILE_0}\"\n";
			showEnvVarsInLog = 0;
		};
		45B0417A45F6C41CEFDDF813 /* [CP] Check Pods Manifest.lock */ = {
			isa = PBXShellScriptBuildPhase;
			buildActionMask = 2147483647;
			files = (
			);
			inputPaths = (
				"${PODS_PODFILE_DIR_PATH}/Podfile.lock",
				"${PODS_ROOT}/Manifest.lock",
			);
			name = "[CP] Check Pods Manifest.lock";
			outputPaths = (
				"$(DERIVED_FILE_DIR)/Pods-Final_Project-checkManifestLockResult.txt",
			);
			runOnlyForDeploymentPostprocessing = 0;
			shellPath = /bin/sh;
			shellScript = "diff \"${PODS_PODFILE_DIR_PATH}/Podfile.lock\" \"${PODS_ROOT}/Manifest.lock\" > /dev/null\nif [ $? != 0 ] ; then\n    # print error to STDERR\n    echo \"error: The sandbox is not in sync with the Podfile.lock. Run 'pod install' or update your CocoaPods installation.\" >&2\n    exit 1\nfi\n# This output is used by Xcode 'outputs' to avoid re-running this script phase.\necho \"SUCCESS\" > \"${SCRIPT_OUTPUT_FILE_0}\"\n";
			showEnvVarsInLog = 0;
		};
		6AA385E043BC36C3EA5ACA89 /* [CP] Copy Pods Resources */ = {
			isa = PBXShellScriptBuildPhase;
			buildActionMask = 2147483647;
			files = (
			);
			inputPaths = (
				"${SRCROOT}/Pods/Target Support Files/Pods-Final_Project/Pods-Final_Project-resources.sh",
				"${PODS_ROOT}/GoogleMaps/Maps/Frameworks/GoogleMaps.framework/Resources/GoogleMaps.bundle",
				"${PODS_ROOT}/GooglePlaces/Frameworks/GooglePlaces.framework/Resources/GooglePlaces.bundle",
			);
			name = "[CP] Copy Pods Resources";
			outputPaths = (
				"${TARGET_BUILD_DIR}/${UNLOCALIZED_RESOURCES_FOLDER_PATH}/GoogleMaps.bundle",
				"${TARGET_BUILD_DIR}/${UNLOCALIZED_RESOURCES_FOLDER_PATH}/GooglePlaces.bundle",
			);
			runOnlyForDeploymentPostprocessing = 0;
			shellPath = /bin/sh;
			shellScript = "\"${SRCROOT}/Pods/Target Support Files/Pods-Final_Project/Pods-Final_Project-resources.sh\"\n";
			showEnvVarsInLog = 0;
		};
		82CD8DDB78F3545D9853FA30 /* [CP] Check Pods Manifest.lock */ = {
			isa = PBXShellScriptBuildPhase;
			buildActionMask = 2147483647;
			files = (
			);
			inputPaths = (
				"${PODS_PODFILE_DIR_PATH}/Podfile.lock",
				"${PODS_ROOT}/Manifest.lock",
			);
			name = "[CP] Check Pods Manifest.lock";
			outputPaths = (
				"$(DERIVED_FILE_DIR)/Pods-Final_ProjectTests-checkManifestLockResult.txt",
			);
			runOnlyForDeploymentPostprocessing = 0;
			shellPath = /bin/sh;
			shellScript = "diff \"${PODS_PODFILE_DIR_PATH}/Podfile.lock\" \"${PODS_ROOT}/Manifest.lock\" > /dev/null\nif [ $? != 0 ] ; then\n    # print error to STDERR\n    echo \"error: The sandbox is not in sync with the Podfile.lock. Run 'pod install' or update your CocoaPods installation.\" >&2\n    exit 1\nfi\n# This output is used by Xcode 'outputs' to avoid re-running this script phase.\necho \"SUCCESS\" > \"${SCRIPT_OUTPUT_FILE_0}\"\n";
			showEnvVarsInLog = 0;
		};
		A346054B1B2B0CC231DA8500 /* [CP] Embed Pods Frameworks */ = {
			isa = PBXShellScriptBuildPhase;
			buildActionMask = 2147483647;
			files = (
			);
			inputPaths = (
				"${SRCROOT}/Pods/Target Support Files/Pods-Final_Project/Pods-Final_Project-frameworks.sh",
				"${BUILT_PRODUCTS_DIR}/Alamofire/Alamofire.framework",
				"${BUILT_PRODUCTS_DIR}/SwiftyJSON/SwiftyJSON.framework",
			);
			name = "[CP] Embed Pods Frameworks";
			outputPaths = (
				"${TARGET_BUILD_DIR}/${FRAMEWORKS_FOLDER_PATH}/Alamofire.framework",
				"${TARGET_BUILD_DIR}/${FRAMEWORKS_FOLDER_PATH}/SwiftyJSON.framework",
			);
			runOnlyForDeploymentPostprocessing = 0;
			shellPath = /bin/sh;
			shellScript = "\"${SRCROOT}/Pods/Target Support Files/Pods-Final_Project/Pods-Final_Project-frameworks.sh\"\n";
			showEnvVarsInLog = 0;
		};
/* End PBXShellScriptBuildPhase section */

/* Begin PBXSourcesBuildPhase section */
		2CBB44D520C70F2D00787E80 /* Sources */ = {
			isa = PBXSourcesBuildPhase;
			buildActionMask = 2147483647;
			files = (
				2C6A992520E8F2E0008D450A /* User_AcceptedViewController.swift in Sources */,
				2C46373320C728D900C8011C /* TBViewController.swift in Sources */,
				2C5DE8FB20E838550052051A /* Mulana_Side_Rejected_Table_ViewController.swift in Sources */,
				2C46373120C728C500C8011C /* UserSearchMulanaListTableViewCell.swift in Sources */,
				2C16579E20E908F200E0150A /* Feedback_ViewController.swift in Sources */,
				2CC9F7CF20E6B11100CF3A59 /* User_List_LocationViewController.swift in Sources */,
				2CC8670420C8075C004A4C08 /* UserMainSearchViewController.swift in Sources */,
				2C6A992720E8F2FA008D450A /* User_AcceptedTableViewCell.swift in Sources */,
				2CFE3F0220C7F75A00B335A2 /* UserSignupLocationViewController.swift in Sources */,
				2C2B1AFD20E2D16F00BD179F /* Mulana_Login_ViewController.swift in Sources */,
				2C269F2B20DD38FC00216B9F /* MulanaSignupLocationViewController.swift in Sources */,
				2CF5FDB320DFB19900E2C5BF /* Search_Location_ViewController.swift in Sources */,
				2CE0777720C86F3F000FFA60 /* MulanaSidePendingTableViewCell.swift in Sources */,
				2CBB44DF20C70F2D00787E80 /* UserLoginViewController.swift in Sources */,
				2CCA3CB120DABAF800905101 /* Mulana_Signup_ViewController.swift in Sources */,
				2CBB44DD20C70F2D00787E80 /* AppDelegate.swift in Sources */,
				2CD54A1D20DE77CD006F6B57 /* MulanaTimeViewController.swift in Sources */,
				2C06FEDF20DEEC9400134DA8 /* Mulana_Sahab_Signup_2_ViewController.swift in Sources */,
				2CAB273C20C7250A008E08A5 /* UserSignupViewController.swift in Sources */,
				2CE0777920C86F50000FFA60 /* MulanaSidePendingViewController.swift in Sources */,
				2C5DE8FD20E838760052051A /* Mulana_Side_Rejected_TableViewCell.swift in Sources */,
			);
			runOnlyForDeploymentPostprocessing = 0;
		};
		2CBB44E920C70F2D00787E80 /* Sources */ = {
			isa = PBXSourcesBuildPhase;
			buildActionMask = 2147483647;
			files = (
				2CBB44F220C70F2D00787E80 /* Final_ProjectTests.swift in Sources */,
			);
			runOnlyForDeploymentPostprocessing = 0;
		};
		2CBB44F420C70F2D00787E80 /* Sources */ = {
			isa = PBXSourcesBuildPhase;
			buildActionMask = 2147483647;
			files = (
				2CBB44FD20C70F2D00787E80 /* Final_ProjectUITests.swift in Sources */,
			);
			runOnlyForDeploymentPostprocessing = 0;
		};
/* End PBXSourcesBuildPhase section */

/* Begin PBXTargetDependency section */
		2CBB44EF20C70F2D00787E80 /* PBXTargetDependency */ = {
			isa = PBXTargetDependency;
			target = 2CBB44D820C70F2D00787E80 /* Final_Project */;
			targetProxy = 2CBB44EE20C70F2D00787E80 /* PBXContainerItemProxy */;
		};
		2CBB44FA20C70F2D00787E80 /* PBXTargetDependency */ = {
			isa = PBXTargetDependency;
			target = 2CBB44D820C70F2D00787E80 /* Final_Project */;
			targetProxy = 2CBB44F920C70F2D00787E80 /* PBXContainerItemProxy */;
		};
/* End PBXTargetDependency section */

/* Begin PBXVariantGroup section */
		2CBB44E020C70F2D00787E80 /* Main.storyboard */ = {
			isa = PBXVariantGroup;
			children = (
				2CBB44E120C70F2D00787E80 /* Base */,
			);
			name = Main.storyboard;
			sourceTree = "<group>";
		};
		2CBB44E520C70F2D00787E80 /* LaunchScreen.storyboard */ = {
			isa = PBXVariantGroup;
			children = (
				2CBB44E620C70F2D00787E80 /* Base */,
			);
			name = LaunchScreen.storyboard;
			sourceTree = "<group>";
		};
/* End PBXVariantGroup section */

/* Begin XCBuildConfiguration section */
		2CBB44FF20C70F2D00787E80 /* Debug */ = {
			isa = XCBuildConfiguration;
			buildSettings = {
				ALWAYS_SEARCH_USER_PATHS = NO;
				CLANG_ANALYZER_NONNULL = YES;
				CLANG_ANALYZER_NUMBER_OBJECT_CONVERSION = YES_AGGRESSIVE;
				CLANG_CXX_LANGUAGE_STANDARD = "gnu++14";
				CLANG_CXX_LIBRARY = "libc++";
				CLANG_ENABLE_MODULES = YES;
				CLANG_ENABLE_OBJC_ARC = YES;
				CLANG_WARN_BLOCK_CAPTURE_AUTORELEASING = YES;
				CLANG_WARN_BOOL_CONVERSION = YES;
				CLANG_WARN_COMMA = YES;
				CLANG_WARN_CONSTANT_CONVERSION = YES;
				CLANG_WARN_DEPRECATED_OBJC_IMPLEMENTATIONS = YES;
				CLANG_WARN_DIRECT_OBJC_ISA_USAGE = YES_ERROR;
				CLANG_WARN_DOCUMENTATION_COMMENTS = YES;
				CLANG_WARN_EMPTY_BODY = YES;
				CLANG_WARN_ENUM_CONVERSION = YES;
				CLANG_WARN_INFINITE_RECURSION = YES;
				CLANG_WARN_INT_CONVERSION = YES;
				CLANG_WARN_NON_LITERAL_NULL_CONVERSION = YES;
				CLANG_WARN_OBJC_IMPLICIT_RETAIN_SELF = YES;
				CLANG_WARN_OBJC_LITERAL_CONVERSION = YES;
				CLANG_WARN_OBJC_ROOT_CLASS = YES_ERROR;
				CLANG_WARN_RANGE_LOOP_ANALYSIS = YES;
				CLANG_WARN_STRICT_PROTOTYPES = YES;
				CLANG_WARN_SUSPICIOUS_MOVE = YES;
				CLANG_WARN_UNGUARDED_AVAILABILITY = YES_AGGRESSIVE;
				CLANG_WARN_UNREACHABLE_CODE = YES;
				CLANG_WARN__DUPLICATE_METHOD_MATCH = YES;
				CODE_SIGN_IDENTITY = "iPhone Developer";
				COPY_PHASE_STRIP = NO;
				DEBUG_INFORMATION_FORMAT = dwarf;
				ENABLE_STRICT_OBJC_MSGSEND = YES;
				ENABLE_TESTABILITY = YES;
				GCC_C_LANGUAGE_STANDARD = gnu11;
				GCC_DYNAMIC_NO_PIC = NO;
				GCC_NO_COMMON_BLOCKS = YES;
				GCC_OPTIMIZATION_LEVEL = 0;
				GCC_PREPROCESSOR_DEFINITIONS = (
					"DEBUG=1",
					"$(inherited)",
				);
				GCC_WARN_64_TO_32_BIT_CONVERSION = YES;
				GCC_WARN_ABOUT_RETURN_TYPE = YES_ERROR;
				GCC_WARN_UNDECLARED_SELECTOR = YES;
				GCC_WARN_UNINITIALIZED_AUTOS = YES_AGGRESSIVE;
				GCC_WARN_UNUSED_FUNCTION = YES;
				GCC_WARN_UNUSED_VARIABLE = YES;
				IPHONEOS_DEPLOYMENT_TARGET = 11.2;
				MTL_ENABLE_DEBUG_INFO = YES;
				ONLY_ACTIVE_ARCH = YES;
				SDKROOT = iphoneos;
				SWIFT_ACTIVE_COMPILATION_CONDITIONS = DEBUG;
				SWIFT_OPTIMIZATION_LEVEL = "-Onone";
			};
			name = Debug;
		};
		2CBB450020C70F2D00787E80 /* Release */ = {
			isa = XCBuildConfiguration;
			buildSettings = {
				ALWAYS_SEARCH_USER_PATHS = NO;
				CLANG_ANALYZER_NONNULL = YES;
				CLANG_ANALYZER_NUMBER_OBJECT_CONVERSION = YES_AGGRESSIVE;
				CLANG_CXX_LANGUAGE_STANDARD = "gnu++14";
				CLANG_CXX_LIBRARY = "libc++";
				CLANG_ENABLE_MODULES = YES;
				CLANG_ENABLE_OBJC_ARC = YES;
				CLANG_WARN_BLOCK_CAPTURE_AUTORELEASING = YES;
				CLANG_WARN_BOOL_CONVERSION = YES;
				CLANG_WARN_COMMA = YES;
				CLANG_WARN_CONSTANT_CONVERSION = YES;
				CLANG_WARN_DEPRECATED_OBJC_IMPLEMENTATIONS = YES;
				CLANG_WARN_DIRECT_OBJC_ISA_USAGE = YES_ERROR;
				CLANG_WARN_DOCUMENTATION_COMMENTS = YES;
				CLANG_WARN_EMPTY_BODY = YES;
				CLANG_WARN_ENUM_CONVERSION = YES;
				CLANG_WARN_INFINITE_RECURSION = YES;
				CLANG_WARN_INT_CONVERSION = YES;
				CLANG_WARN_NON_LITERAL_NULL_CONVERSION = YES;
				CLANG_WARN_OBJC_IMPLICIT_RETAIN_SELF = YES;
				CLANG_WARN_OBJC_LITERAL_CONVERSION = YES;
				CLANG_WARN_OBJC_ROOT_CLASS = YES_ERROR;
				CLANG_WARN_RANGE_LOOP_ANALYSIS = YES;
				CLANG_WARN_STRICT_PROTOTYPES = YES;
				CLANG_WARN_SUSPICIOUS_MOVE = YES;
				CLANG_WARN_UNGUARDED_AVAILABILITY = YES_AGGRESSIVE;
				CLANG_WARN_UNREACHABLE_CODE = YES;
				CLANG_WARN__DUPLICATE_METHOD_MATCH = YES;
				CODE_SIGN_IDENTITY = "iPhone Developer";
				COPY_PHASE_STRIP = NO;
				DEBUG_INFORMATION_FORMAT = "dwarf-with-dsym";
				ENABLE_NS_ASSERTIONS = NO;
				ENABLE_STRICT_OBJC_MSGSEND = YES;
				GCC_C_LANGUAGE_STANDARD = gnu11;
				GCC_NO_COMMON_BLOCKS = YES;
				GCC_WARN_64_TO_32_BIT_CONVERSION = YES;
				GCC_WARN_ABOUT_RETURN_TYPE = YES_ERROR;
				GCC_WARN_UNDECLARED_SELECTOR = YES;
				GCC_WARN_UNINITIALIZED_AUTOS = YES_AGGRESSIVE;
				GCC_WARN_UNUSED_FUNCTION = YES;
				GCC_WARN_UNUSED_VARIABLE = YES;
				IPHONEOS_DEPLOYMENT_TARGET = 11.2;
				MTL_ENABLE_DEBUG_INFO = NO;
				SDKROOT = iphoneos;
				SWIFT_OPTIMIZATION_LEVEL = "-Owholemodule";
				VALIDATE_PRODUCT = YES;
			};
			name = Release;
		};
		2CBB450220C70F2D00787E80 /* Debug */ = {
			isa = XCBuildConfiguration;
			baseConfigurationReference = 5D7267BACDC6CBDA9E21FCF9 /* Pods-Final_Project.debug.xcconfig */;
			buildSettings = {
				ASSETCATALOG_COMPILER_APPICON_NAME = AppIcon;
				CODE_SIGN_STYLE = Automatic;
				INFOPLIST_FILE = Final_Project/Info.plist;
				LD_RUNPATH_SEARCH_PATHS = "$(inherited) @executable_path/Frameworks";
				PRODUCT_BUNDLE_IDENTIFIER = "lsidjhi.Final-Project";
				PRODUCT_NAME = "$(TARGET_NAME)";
				SWIFT_VERSION = 4.0;
				TARGETED_DEVICE_FAMILY = "1,2";
			};
			name = Debug;
		};
		2CBB450320C70F2D00787E80 /* Release */ = {
			isa = XCBuildConfiguration;
			baseConfigurationReference = 1598ED3C6F2176300402EDDE /* Pods-Final_Project.release.xcconfig */;
			buildSettings = {
				ASSETCATALOG_COMPILER_APPICON_NAME = AppIcon;
				CODE_SIGN_STYLE = Automatic;
				INFOPLIST_FILE = Final_Project/Info.plist;
				LD_RUNPATH_SEARCH_PATHS = "$(inherited) @executable_path/Frameworks";
				PRODUCT_BUNDLE_IDENTIFIER = "lsidjhi.Final-Project";
				PRODUCT_NAME = "$(TARGET_NAME)";
				SWIFT_VERSION = 4.0;
				TARGETED_DEVICE_FAMILY = "1,2";
			};
			name = Release;
		};
		2CBB450520C70F2D00787E80 /* Debug */ = {
			isa = XCBuildConfiguration;
			baseConfigurationReference = 8FB3C9DA123FF5A920192C4C /* Pods-Final_ProjectTests.debug.xcconfig */;
			buildSettings = {
				ALWAYS_EMBED_SWIFT_STANDARD_LIBRARIES = YES;
				BUNDLE_LOADER = "$(TEST_HOST)";
				CODE_SIGN_STYLE = Automatic;
				INFOPLIST_FILE = Final_ProjectTests/Info.plist;
				LD_RUNPATH_SEARCH_PATHS = "$(inherited) @executable_path/Frameworks @loader_path/Frameworks";
				PRODUCT_BUNDLE_IDENTIFIER = "lsidjhi.Final-ProjectTests";
				PRODUCT_NAME = "$(TARGET_NAME)";
				SWIFT_VERSION = 4.0;
				TARGETED_DEVICE_FAMILY = "1,2";
				TEST_HOST = "$(BUILT_PRODUCTS_DIR)/Final_Project.app/Final_Project";
			};
			name = Debug;
		};
		2CBB450620C70F2D00787E80 /* Release */ = {
			isa = XCBuildConfiguration;
			baseConfigurationReference = F21634D01D73750DB8A0A4A9 /* Pods-Final_ProjectTests.release.xcconfig */;
			buildSettings = {
				ALWAYS_EMBED_SWIFT_STANDARD_LIBRARIES = YES;
				BUNDLE_LOADER = "$(TEST_HOST)";
				CODE_SIGN_STYLE = Automatic;
				INFOPLIST_FILE = Final_ProjectTests/Info.plist;
				LD_RUNPATH_SEARCH_PATHS = "$(inherited) @executable_path/Frameworks @loader_path/Frameworks";
				PRODUCT_BUNDLE_IDENTIFIER = "lsidjhi.Final-ProjectTests";
				PRODUCT_NAME = "$(TARGET_NAME)";
				SWIFT_VERSION = 4.0;
				TARGETED_DEVICE_FAMILY = "1,2";
				TEST_HOST = "$(BUILT_PRODUCTS_DIR)/Final_Project.app/Final_Project";
			};
			name = Release;
		};
		2CBB450820C70F2D00787E80 /* Debug */ = {
			isa = XCBuildConfiguration;
			baseConfigurationReference = 00EDCECACFE6631CC7D5EF59 /* Pods-Final_ProjectUITests.debug.xcconfig */;
			buildSettings = {
				ALWAYS_EMBED_SWIFT_STANDARD_LIBRARIES = YES;
				CODE_SIGN_STYLE = Automatic;
				INFOPLIST_FILE = Final_ProjectUITests/Info.plist;
				LD_RUNPATH_SEARCH_PATHS = "$(inherited) @executable_path/Frameworks @loader_path/Frameworks";
				PRODUCT_BUNDLE_IDENTIFIER = "lsidjhi.Final-ProjectUITests";
				PRODUCT_NAME = "$(TARGET_NAME)";
				SWIFT_VERSION = 4.0;
				TARGETED_DEVICE_FAMILY = "1,2";
				TEST_TARGET_NAME = Final_Project;
			};
			name = Debug;
		};
		2CBB450920C70F2D00787E80 /* Release */ = {
			isa = XCBuildConfiguration;
			baseConfigurationReference = 5A75F12BE0DEDA91DED49A7D /* Pods-Final_ProjectUITests.release.xcconfig */;
			buildSettings = {
				ALWAYS_EMBED_SWIFT_STANDARD_LIBRARIES = YES;
				CODE_SIGN_STYLE = Automatic;
				INFOPLIST_FILE = Final_ProjectUITests/Info.plist;
				LD_RUNPATH_SEARCH_PATHS = "$(inherited) @executable_path/Frameworks @loader_path/Frameworks";
				PRODUCT_BUNDLE_IDENTIFIER = "lsidjhi.Final-ProjectUITests";
				PRODUCT_NAME = "$(TARGET_NAME)";
				SWIFT_VERSION = 4.0;
				TARGETED_DEVICE_FAMILY = "1,2";
				TEST_TARGET_NAME = Final_Project;
			};
			name = Release;
		};
/* End XCBuildConfiguration section */

/* Begin XCConfigurationList section */
		2CBB44D420C70F2D00787E80 /* Build configuration list for PBXProject "Final_Project" */ = {
			isa = XCConfigurationList;
			buildConfigurations = (
				2CBB44FF20C70F2D00787E80 /* Debug */,
				2CBB450020C70F2D00787E80 /* Release */,
			);
			defaultConfigurationIsVisible = 0;
			defaultConfigurationName = Release;
		};
		2CBB450120C70F2D00787E80 /* Build configuration list for PBXNativeTarget "Final_Project" */ = {
			isa = XCConfigurationList;
			buildConfigurations = (
				2CBB450220C70F2D00787E80 /* Debug */,
				2CBB450320C70F2D00787E80 /* Release */,
			);
			defaultConfigurationIsVisible = 0;
			defaultConfigurationName = Release;
		};
		2CBB450420C70F2D00787E80 /* Build configuration list for PBXNativeTarget "Final_ProjectTests" */ = {
			isa = XCConfigurationList;
			buildConfigurations = (
				2CBB450520C70F2D00787E80 /* Debug */,
				2CBB450620C70F2D00787E80 /* Release */,
			);
			defaultConfigurationIsVisible = 0;
			defaultConfigurationName = Release;
		};
		2CBB450720C70F2D00787E80 /* Build configuration list for PBXNativeTarget "Final_ProjectUITests" */ = {
			isa = XCConfigurationList;
			buildConfigurations = (
				2CBB450820C70F2D00787E80 /* Debug */,
				2CBB450920C70F2D00787E80 /* Release */,
			);
			defaultConfigurationIsVisible = 0;
			defaultConfigurationName = Release;
		};
/* End XCConfigurationList section */
	};
	rootObject = 2CBB44D120C70F2D00787E80 /* Project object */;
}
